
Microsoft Visual Studio Solution File, Format Version 12.00
# Visual Studio Version 17
VisualStudioVersion = 17.12.35323.107
MinimumVisualStudioVersion = 10.0.40219.1
Project("{FAE04EC0-301F-11D3-BF4B-00C04F79EFBC}") = "LibreTranslate.Client.Net", "LibreTranslate.Client.Net\LibreTranslate.Client.Net.csproj", "{5CB36489-F3C0-421A-B04C-8A5FA4B9F523}"
EndProject
Project("{2150E333-8FDC-42A3-9474-1A3956D46DE8}") = "Projektmappenelemente", "Projektmappenelemente", "{E92BC4FA-D11B-41FB-AEBB-BB6E2A57132C}"
	ProjectSection(SolutionItems) = preProject
		Directory.Build.props = Directory.Build.props
		Directory.Packages.props = Directory.Packages.props
		README.md = README.md
	EndProjectSection
EndProject
Project("{FAE04EC0-301F-11D3-BF4B-00C04F79EFBC}") = "LibreTranslate.Client.Net.Tests", "LibreTranslate.Client.Net.Tests\LibreTranslate.Client.Net.Tests.csproj", "{5E9580D9-199A-47D9-8DE8-D084ED6C7C3D}"
EndProject
Global
	GlobalSection(SolutionConfigurationPlatforms) = preSolution
		Debug|Any CPU = Debug|Any CPU
		Release|Any CPU = Release|Any CPU
	EndGlobalSection
	GlobalSection(ProjectConfigurationPlatforms) = postSolution
		{5CB36489-F3C0-421A-B04C-8A5FA4B9F523}.Debug|Any CPU.ActiveCfg = Debug|Any CPU
		{5CB36489-F3C0-421A-B04C-8A5FA4B9F523}.Debug|Any CPU.Build.0 = Debug|Any CPU
		{5CB36489-F3C0-421A-B04C-8A5FA4B9F523}.Release|Any CPU.ActiveCfg = Release|Any CPU
		{5CB36489-F3C0-421A-B04C-8A5FA4B9F523}.Release|Any CPU.Build.0 = Release|Any CPU
		{5E9580D9-199A-47D9-8DE8-D084ED6C7C3D}.Debug|Any CPU.ActiveCfg = Debug|Any CPU
		{5E9580D9-199A-47D9-8DE8-D084ED6C7C3D}.Debug|Any CPU.Build.0 = Debug|Any CPU
		{5E9580D9-199A-47D9-8DE8-D084ED6C7C3D}.Release|Any CPU.ActiveCfg = Release|Any CPU
		{5E9580D9-199A-47D9-8DE8-D084ED6C7C3D}.Release|Any CPU.Build.0 = Release|Any CPU
	EndGlobalSection
	GlobalSection(SolutionProperties) = preSolution
		HideSolutionNode = FALSE
	EndGlobalSection
	GlobalSection(ExtensibilityGlobals) = postSolution
		SolutionGuid = {8109EE0C-4651-4A42-B9DB-469062282174}
	EndGlobalSection
EndGlobal
